{
    "name": "@nest-toolbox/bunyan-logger",
    "version": "1.1.14",
    "lockfileVersion": 1,
    "requires": true,
    "dependencies": {
        "@nestjs/common": {
            "version": "7.4.4",
            "resolved": "https://registry.npmjs.org/@nestjs/common/-/common-7.4.4.tgz",
            "integrity": "sha512-Cj94FJrnLcAU4URJrRmnsHRODZPJpX+EKKJ/Or9qvL9ULQwRWYmFcGQYaJ0nVV0hSBjn/jaAV1Cgqw74uk21KA==",
            "requires": {
                "axios": "0.20.0",
                "cli-color": "2.0.0",
                "iterare": "1.2.1",
                "tslib": "2.0.1",
                "uuid": "8.3.0"
            }
        },
        "@types/bunyan": {
            "version": "1.8.6",
            "resolved": "https://registry.npmjs.org/@types/bunyan/-/bunyan-1.8.6.tgz",
            "integrity": "sha512-YiozPOOsS6bIuz31ilYqR5SlLif4TBWsousN2aCWLi5233nZSX19tFbcQUPdR7xJ8ypPyxkCGNxg0CIV5n9qxQ==",
            "requires": {
                "@types/node": "*"
            }
        },
        "@types/node": {
            "version": "14.6.2",
            "resolved": "https://registry.npmjs.org/@types/node/-/node-14.6.2.tgz",
            "integrity": "sha512-onlIwbaeqvZyniGPfdw/TEhKIh79pz66L1q06WUQqJLnAb6wbjvOtepLYTGHTqzdXgBYIE3ZdmqHDGsRsbBz7A=="
        },
        "ansi-regex": {
            "version": "2.1.1",
            "resolved": "https://registry.npmjs.org/ansi-regex/-/ansi-regex-2.1.1.tgz",
            "integrity": "sha1-w7M6te42DYbg5ijwRorn7yfWVN8="
        },
        "ansicolors": {
            "version": "0.2.1",
            "resolved": "https://registry.npmjs.org/ansicolors/-/ansicolors-0.2.1.tgz",
            "integrity": "sha1-vgiVmQl7dKXJxKhKDNvNtivYeu8="
        },
        "ansistyles": {
            "version": "0.1.3",
            "resolved": "https://registry.npmjs.org/ansistyles/-/ansistyles-0.1.3.tgz",
            "integrity": "sha1-XeYEFb2gcbs3EnhUyGT0GyMlRTk="
        },
        "arg": {
            "version": "4.1.3",
            "resolved": "https://registry.npmjs.org/arg/-/arg-4.1.3.tgz",
            "integrity": "sha512-58S9QDqG0Xx27YwPSt9fJxivjYl432YCwfDMfZ+71RAqUrZef7LrKQZ3LHLOwCS4FLNBplP533Zx895SeOCHvA=="
        },
        "axios": {
            "version": "0.20.0",
            "resolved": "https://registry.npmjs.org/axios/-/axios-0.20.0.tgz",
            "integrity": "sha512-ANA4rr2BDcmmAQLOKft2fufrtuvlqR+cXNNinUmvfeSNCOF98PZL+7M/v1zIdGo7OLjEA9J2gXJL+j4zGsl0bA==",
            "requires": {
                "follow-redirects": "^1.10.0"
            }
        },
        "balanced-match": {
            "version": "1.0.0",
            "resolved": "https://registry.npmjs.org/balanced-match/-/balanced-match-1.0.0.tgz",
            "integrity": "sha1-ibTRmasr7kneFk6gK4nORi1xt2c="
        },
        "brace-expansion": {
            "version": "1.1.11",
            "resolved": "https://registry.npmjs.org/brace-expansion/-/brace-expansion-1.1.11.tgz",
            "integrity": "sha512-iCuPHDFgrHX7H2vEI/5xpz07zSHB00TpugqhmYtVmMO6518mCuRMoOYFldEBl0g187ufozdaHgWKcYFb61qGiA==",
            "requires": {
                "balanced-match": "^1.0.0",
                "concat-map": "0.0.1"
            }
        },
        "buffer-from": {
            "version": "1.1.1",
            "resolved": "https://registry.npmjs.org/buffer-from/-/buffer-from-1.1.1.tgz",
            "integrity": "sha512-MQcXEUbCKtEo7bhqEs6560Hyd4XaovZlO/k9V3hjVUF/zwW7KBVdSK4gIt/bzwS9MbR5qob+F5jusZsb0YQK2A=="
        },
        "bunyan": {
            "version": "1.8.14",
            "resolved": "https://registry.npmjs.org/bunyan/-/bunyan-1.8.14.tgz",
            "integrity": "sha512-LlahJUxXzZLuw/hetUQJmRgZ1LF6+cr5TPpRj6jf327AsiIq2jhYEH4oqUUkVKTor+9w2BT3oxVwhzE5lw9tcg==",
            "requires": {
                "dtrace-provider": "~0.8",
                "moment": "^2.19.3",
                "mv": "~2",
                "safe-json-stringify": "~1"
            }
        },
        "bunyan-format": {
            "version": "0.2.1",
            "resolved": "https://registry.npmjs.org/bunyan-format/-/bunyan-format-0.2.1.tgz",
            "integrity": "sha1-pLOw2ABwqGUnlBcmnj8A/wL7y0c=",
            "requires": {
                "ansicolors": "~0.2.1",
                "ansistyles": "~0.1.1",
                "xtend": "~2.1.1"
            }
        },
        "cli-color": {
            "version": "2.0.0",
            "resolved": "https://registry.npmjs.org/cli-color/-/cli-color-2.0.0.tgz",
            "integrity": "sha512-a0VZ8LeraW0jTuCkuAGMNufareGHhyZU9z8OGsW0gXd1hZGi1SRuNRXdbGkraBBKnhyUhyebFWnRbp+dIn0f0A==",
            "requires": {
                "ansi-regex": "^2.1.1",
                "d": "^1.0.1",
                "es5-ext": "^0.10.51",
                "es6-iterator": "^2.0.3",
                "memoizee": "^0.4.14",
                "timers-ext": "^0.1.7"
            }
        },
        "colors": {
            "version": "1.4.0",
            "resolved": "https://registry.npmjs.org/colors/-/colors-1.4.0.tgz",
            "integrity": "sha512-a+UqTh4kgZg/SlGvfbzDHpgRu7AAQOmmqRHJnxhRZICKFUT91brVhNNt58CMWU9PsBbv3PDCZUHbVxuDiH2mtA=="
        },
        "concat-map": {
            "version": "0.0.1",
            "resolved": "https://registry.npmjs.org/concat-map/-/concat-map-0.0.1.tgz",
            "integrity": "sha1-2Klr13/Wjfd5OnMDajug1UBdR3s="
        },
        "d": {
            "version": "1.0.1",
            "resolved": "https://registry.npmjs.org/d/-/d-1.0.1.tgz",
            "integrity": "sha512-m62ShEObQ39CfralilEQRjH6oAMtNCV1xJyEx5LpRYUVN+EviphDgUc/F3hnYbADmkiNs67Y+3ylmlG7Lnu+FA==",
            "requires": {
                "es5-ext": "^0.10.50",
                "type": "^1.0.1"
            }
        },
        "diff": {
            "version": "4.0.2",
            "resolved": "https://registry.npmjs.org/diff/-/diff-4.0.2.tgz",
            "integrity": "sha512-58lmxKSA4BNyLz+HHMUzlOEpg09FV+ev6ZMe3vJihgdxzgcwZ8VoEEPmALCZG9LmqfVoNMMKpttIYTVG6uDY7A=="
        },
        "dtrace-provider": {
            "version": "0.8.8",
            "resolved": "https://registry.npmjs.org/dtrace-provider/-/dtrace-provider-0.8.8.tgz",
            "integrity": "sha512-b7Z7cNtHPhH9EJhNNbbeqTcXB8LGFFZhq1PGgEvpeHlzd36bhbdTWoE/Ba/YguqpBSlAPKnARWhVlhunCMwfxg==",
            "optional": true,
            "requires": {
                "nan": "^2.14.0"
            }
        },
        "es5-ext": {
            "version": "0.10.53",
            "resolved": "https://registry.npmjs.org/es5-ext/-/es5-ext-0.10.53.tgz",
            "integrity": "sha512-Xs2Stw6NiNHWypzRTY1MtaG/uJlwCk8kH81920ma8mvN8Xq1gsfhZvpkImLQArw8AHnv8MT2I45J3c0R8slE+Q==",
            "requires": {
                "es6-iterator": "~2.0.3",
                "es6-symbol": "~3.1.3",
                "next-tick": "~1.0.0"
            }
        },
        "es6-iterator": {
            "version": "2.0.3",
            "resolved": "https://registry.npmjs.org/es6-iterator/-/es6-iterator-2.0.3.tgz",
            "integrity": "sha1-p96IkUGgWpSwhUQDstCg+/qY87c=",
            "requires": {
                "d": "1",
                "es5-ext": "^0.10.35",
                "es6-symbol": "^3.1.1"
            }
        },
        "es6-symbol": {
            "version": "3.1.3",
            "resolved": "https://registry.npmjs.org/es6-symbol/-/es6-symbol-3.1.3.tgz",
            "integrity": "sha512-NJ6Yn3FuDinBaBRWl/q5X/s4koRHBrgKAu+yGI6JCBeiu3qrcbJhwT2GeR/EXVfylRk8dpQVJoLEFhK+Mu31NA==",
            "requires": {
                "d": "^1.0.1",
                "ext": "^1.1.2"
            }
        },
        "es6-weak-map": {
            "version": "2.0.3",
            "resolved": "https://registry.npmjs.org/es6-weak-map/-/es6-weak-map-2.0.3.tgz",
            "integrity": "sha512-p5um32HOTO1kP+w7PRnB+5lQ43Z6muuMuIMffvDN8ZB4GcnjLBV6zGStpbASIMk4DCAvEaamhe2zhyCb/QXXsA==",
            "requires": {
                "d": "1",
                "es5-ext": "^0.10.46",
                "es6-iterator": "^2.0.3",
                "es6-symbol": "^3.1.1"
            }
        },
        "event-emitter": {
            "version": "0.3.5",
            "resolved": "https://registry.npmjs.org/event-emitter/-/event-emitter-0.3.5.tgz",
            "integrity": "sha1-34xp7vFkeSPHFXuc6DhAYQsCzDk=",
            "requires": {
                "d": "1",
                "es5-ext": "~0.10.14"
            }
        },
        "ext": {
            "version": "1.4.0",
            "resolved": "https://registry.npmjs.org/ext/-/ext-1.4.0.tgz",
            "integrity": "sha512-Key5NIsUxdqKg3vIsdw9dSuXpPCQ297y6wBjL30edxwPgt2E44WcWBZey/ZvUc6sERLTxKdyCu4gZFmUbk1Q7A==",
            "requires": {
                "type": "^2.0.0"
            },
            "dependencies": {
                "type": {
                    "version": "2.1.0",
                    "resolved": "https://registry.npmjs.org/type/-/type-2.1.0.tgz",
                    "integrity": "sha512-G9absDWvhAWCV2gmF1zKud3OyC61nZDwWvBL2DApaVFogI07CprggiQAOOjvp2NRjYWFzPyu7vwtDrQFq8jeSA=="
                }
            }
        },
        "follow-redirects": {
            "version": "1.13.0",
            "resolved": "https://registry.npmjs.org/follow-redirects/-/follow-redirects-1.13.0.tgz",
            "integrity": "sha512-aq6gF1BEKje4a9i9+5jimNFIpq4Q1WiwBToeRK5NvZBd/TRsmW8BsJfOEGkr76TbOyPVD3OVDN910EcUNtRYEA=="
        },
        "fs.realpath": {
            "version": "1.0.0",
            "resolved": "https://registry.npmjs.org/fs.realpath/-/fs.realpath-1.0.0.tgz",
            "integrity": "sha1-FQStJSMVjKpA20onh8sBQRmU6k8=",
            "dev": true
        },
        "glob": {
            "version": "6.0.4",
            "resolved": "https://registry.npmjs.org/glob/-/glob-6.0.4.tgz",
            "integrity": "sha1-DwiGD2oVUSey+t1PnOJLGqtuTSI=",
            "optional": true,
            "requires": {
                "inflight": "^1.0.4",
                "inherits": "2",
                "minimatch": "2 || 3",
                "once": "^1.3.0",
                "path-is-absolute": "^1.0.0"
            }
        },
        "inflight": {
            "version": "1.0.6",
            "resolved": "https://registry.npmjs.org/inflight/-/inflight-1.0.6.tgz",
            "integrity": "sha1-Sb1jMdfQLQwJvJEKEHW6gWW1bfk=",
            "requires": {
                "once": "^1.3.0",
                "wrappy": "1"
            }
        },
        "inherits": {
            "version": "2.0.4",
            "resolved": "https://registry.npmjs.org/inherits/-/inherits-2.0.4.tgz",
            "integrity": "sha512-k/vGaX4/Yla3WzyMCvTQOXYeIHvqOKtnqBduzTHpzpQZzAskKMhZ2K+EnBiSM9zGSoIFeMpXKxa4dYeZIQqewQ=="
        },
        "is-promise": {
            "version": "2.2.2",
            "resolved": "https://registry.npmjs.org/is-promise/-/is-promise-2.2.2.tgz",
            "integrity": "sha512-+lP4/6lKUBfQjZ2pdxThZvLUAafmZb8OAxFb8XXtiQmS35INgr85hdOGoEs124ez1FCnZJt6jau/T+alh58QFQ=="
        },
        "iterare": {
            "version": "1.2.1",
            "resolved": "https://registry.npmjs.org/iterare/-/iterare-1.2.1.tgz",
            "integrity": "sha512-RKYVTCjAnRthyJes037NX/IiqeidgN1xc3j1RjFfECFp28A1GVwK9nA+i0rJPaHqSZwygLzRnFlzUuHFoWWy+Q=="
        },
        "lru-queue": {
            "version": "0.1.0",
            "resolved": "https://registry.npmjs.org/lru-queue/-/lru-queue-0.1.0.tgz",
            "integrity": "sha1-Jzi9nw089PhEkMVzbEhpmsYyzaM=",
            "requires": {
                "es5-ext": "~0.10.2"
            }
        },
        "make-error": {
            "version": "1.3.6",
            "resolved": "https://registry.npmjs.org/make-error/-/make-error-1.3.6.tgz",
            "integrity": "sha512-s8UhlNe7vPKomQhC1qFelMokr/Sc3AgNbso3n74mVPA5LTZwkB9NlXf4XPamLxJE8h0gh73rM94xvwRT2CVInw=="
        },
        "memoizee": {
            "version": "0.4.14",
            "resolved": "https://registry.npmjs.org/memoizee/-/memoizee-0.4.14.tgz",
            "integrity": "sha512-/SWFvWegAIYAO4NQMpcX+gcra0yEZu4OntmUdrBaWrJncxOqAziGFlHxc7yjKVK2uu3lpPW27P27wkR82wA8mg==",
            "requires": {
                "d": "1",
                "es5-ext": "^0.10.45",
                "es6-weak-map": "^2.0.2",
                "event-emitter": "^0.3.5",
                "is-promise": "^2.1",
                "lru-queue": "0.1",
                "next-tick": "1",
                "timers-ext": "^0.1.5"
            }
        },
        "minimatch": {
            "version": "3.0.4",
            "resolved": "https://registry.npmjs.org/minimatch/-/minimatch-3.0.4.tgz",
            "integrity": "sha512-yJHVQEhyqPLUTgt9B83PXu6W3rx4MvvHvSUvToogpwoGDOUQ+yDrR0HRot+yOCdCO7u4hX3pWft6kWBBcqh0UA==",
            "requires": {
                "brace-expansion": "^1.1.7"
            }
        },
        "minimist": {
            "version": "1.2.5",
            "resolved": "https://registry.npmjs.org/minimist/-/minimist-1.2.5.tgz",
            "integrity": "sha512-FM9nNUYrRBAELZQT3xeZQ7fmMOBg6nWNmJKTcgsJeaLstP/UODVpGsr5OhXhhXg6f+qtJ8uiZ+PUxkDWcgIXLw==",
            "optional": true
        },
        "mkdirp": {
            "version": "0.5.5",
            "resolved": "https://registry.npmjs.org/mkdirp/-/mkdirp-0.5.5.tgz",
            "integrity": "sha512-NKmAlESf6jMGym1++R0Ra7wvhV+wFW63FaSOFPwRahvea0gMUcGUhVeAg/0BC0wiv9ih5NYPB1Wn1UEI1/L+xQ==",
            "optional": true,
            "requires": {
                "minimist": "^1.2.5"
            }
        },
        "moment": {
            "version": "2.27.0",
            "resolved": "https://registry.npmjs.org/moment/-/moment-2.27.0.tgz",
            "integrity": "sha512-al0MUK7cpIcglMv3YF13qSgdAIqxHTO7brRtaz3DlSULbqfazqkc5kEjNrLDOM7fsjshoFIihnU8snrP7zUvhQ==",
            "optional": true
        },
        "mv": {
            "version": "2.1.1",
            "resolved": "https://registry.npmjs.org/mv/-/mv-2.1.1.tgz",
            "integrity": "sha1-rmzg1vbV4KT32JN5jQPB6pVZtqI=",
            "optional": true,
            "requires": {
                "mkdirp": "~0.5.1",
                "ncp": "~2.0.0",
                "rimraf": "~2.4.0"
            },
            "dependencies": {
                "rimraf": {
                    "version": "2.4.5",
                    "resolved": "https://registry.npmjs.org/rimraf/-/rimraf-2.4.5.tgz",
                    "integrity": "sha1-7nEM5dk6j9uFb7Xqj/Di11k0sto=",
                    "optional": true,
                    "requires": {
                        "glob": "^6.0.1"
                    }
                }
            }
        },
        "nan": {
            "version": "2.14.1",
            "resolved": "https://registry.npmjs.org/nan/-/nan-2.14.1.tgz",
            "integrity": "sha512-isWHgVjnFjh2x2yuJ/tj3JbwoHu3UC2dX5G/88Cm24yB6YopVgxvBObDY7n5xW6ExmFhJpSEQqFPvq9zaXc8Jw==",
            "optional": true
        },
        "ncp": {
            "version": "2.0.0",
            "resolved": "https://registry.npmjs.org/ncp/-/ncp-2.0.0.tgz",
            "integrity": "sha1-GVoh1sRuNh0vsSgbo4uR6d9727M=",
            "optional": true
        },
        "next-tick": {
            "version": "1.0.0",
            "resolved": "https://registry.npmjs.org/next-tick/-/next-tick-1.0.0.tgz",
            "integrity": "sha1-yobR/ogoFpsBICCOPchCS524NCw="
        },
        "object-keys": {
            "version": "0.4.0",
            "resolved": "https://registry.npmjs.org/object-keys/-/object-keys-0.4.0.tgz",
            "integrity": "sha1-KKaq50KN0sOpLz2V8hM13SBOAzY="
        },
        "once": {
            "version": "1.4.0",
            "resolved": "https://registry.npmjs.org/once/-/once-1.4.0.tgz",
            "integrity": "sha1-WDsap3WWHUsROsF9nFC6753Xa9E=",
            "requires": {
                "wrappy": "1"
            }
        },
        "path-is-absolute": {
            "version": "1.0.1",
            "resolved": "https://registry.npmjs.org/path-is-absolute/-/path-is-absolute-1.0.1.tgz",
            "integrity": "sha1-F0uSaHNVNP+8es5r9TpanhtcX18="
        },
        "rimraf": {
            "version": "3.0.2",
            "resolved": "https://registry.npmjs.org/rimraf/-/rimraf-3.0.2.tgz",
            "integrity": "sha512-JZkJMZkAGFFPP2YqXZXPbMlMBgsxzE8ILs4lMIX/2o0L9UBw9O/Y3o6wFw/i9YLapcUJWwqbi3kdxIPdC62TIA==",
            "dev": true,
            "requires": {
                "glob": "^7.1.3"
            },
            "dependencies": {
                "glob": {
                    "version": "7.1.6",
                    "resolved": "https://registry.npmjs.org/glob/-/glob-7.1.6.tgz",
                    "integrity": "sha512-LwaxwyZ72Lk7vZINtNNrywX0ZuLyStrdDtabefZKAY5ZGJhVtgdznluResxNmPitE0SAO+O26sWTHeKSI2wMBA==",
                    "dev": true,
                    "requires": {
                        "fs.realpath": "^1.0.0",
                        "inflight": "^1.0.4",
                        "inherits": "2",
                        "minimatch": "^3.0.4",
                        "once": "^1.3.0",
                        "path-is-absolute": "^1.0.0"
                    }
                }
            }
        },
        "safe-json-stringify": {
            "version": "1.2.0",
            "resolved": "https://registry.npmjs.org/safe-json-stringify/-/safe-json-stringify-1.2.0.tgz",
            "integrity": "sha512-gH8eh2nZudPQO6TytOvbxnuhYBOvDBBLW52tz5q6X58lJcd/tkmqFR+5Z9adS8aJtURSXWThWy/xJtJwixErvg==",
            "optional": true
        },
        "source-map": {
            "version": "0.6.1",
            "resolved": "https://registry.npmjs.org/source-map/-/source-map-0.6.1.tgz",
            "integrity": "sha512-UjgapumWlbMhkBgzT7Ykc5YXUT46F0iKu8SGXq0bcwP5dz/h0Plj6enJqjz1Zbq2l5WaqYnrVbwWOWMyF3F47g=="
        },
        "source-map-support": {
            "version": "0.5.19",
            "resolved": "https://registry.npmjs.org/source-map-support/-/source-map-support-0.5.19.tgz",
            "integrity": "sha512-Wonm7zOCIJzBGQdB+thsPar0kYuCIzYvxZwlBa87yi/Mdjv7Tip2cyVbLj5o0cFPN4EVkuTwb3GDDyUx2DGnGw==",
            "requires": {
                "buffer-from": "^1.0.0",
                "source-map": "^0.6.0"
            }
        },
        "timers-ext": {
            "version": "0.1.7",
            "resolved": "https://registry.npmjs.org/timers-ext/-/timers-ext-0.1.7.tgz",
            "integrity": "sha512-b85NUNzTSdodShTIbky6ZF02e8STtVVfD+fu4aXXShEELpozH+bCpJLYMPZbsABN2wDH7fJpqIoXxJpzbf0NqQ==",
            "requires": {
                "es5-ext": "~0.10.46",
                "next-tick": "1"
            }
        },
        "ts-node": {
            "version": "9.0.0",
            "resolved": "https://registry.npmjs.org/ts-node/-/ts-node-9.0.0.tgz",
            "integrity": "sha512-/TqB4SnererCDR/vb4S/QvSZvzQMJN8daAslg7MeaiHvD8rDZsSfXmNeNumyZZzMned72Xoq/isQljYSt8Ynfg==",
            "requires": {
                "arg": "^4.1.0",
                "diff": "^4.0.1",
                "make-error": "^1.1.1",
                "source-map-support": "^0.5.17",
                "yn": "3.1.1"
            }
        },
        "tslib": {
            "version": "2.0.1",
            "resolved": "https://registry.npmjs.org/tslib/-/tslib-2.0.1.tgz",
            "integrity": "sha512-SgIkNheinmEBgx1IUNirK0TUD4X9yjjBRTqqjggWCU3pUEqIk3/Uwl3yRixYKT6WjQuGiwDv4NomL3wqRCj+CQ=="
        },
        "type": {
            "version": "1.2.0",
            "resolved": "https://registry.npmjs.org/type/-/type-1.2.0.tgz",
            "integrity": "sha512-+5nt5AAniqsCnu2cEQQdpzCAh33kVx8n0VoFidKpB1dVVLAN/F+bgVOqOJqOnEnrhp222clB5p3vUlD+1QAnfg=="
        },
        "typescript": {
            "version": "4.0.2",
            "resolved": "https://registry.npmjs.org/typescript/-/typescript-4.0.2.tgz",
            "integrity": "sha512-e4ERvRV2wb+rRZ/IQeb3jm2VxBsirQLpQhdxplZ2MEzGvDkkMmPglecnNDfSUBivMjP93vRbngYYDQqQ/78bcQ==",
            "dev": true
        },
        "uuid": {
            "version": "8.3.0",
            "resolved": "https://registry.npmjs.org/uuid/-/uuid-8.3.0.tgz",
            "integrity": "sha512-fX6Z5o4m6XsXBdli9g7DtWgAx+osMsRRZFKma1mIUsLCz6vRvv+pz5VNbyu9UEDzpMWulZfvpgb/cmDXVulYFQ=="
        },
        "wrappy": {
            "version": "1.0.2",
            "resolved": "https://registry.npmjs.org/wrappy/-/wrappy-1.0.2.tgz",
            "integrity": "sha1-tSQ9jz7BqjXxNkYFvA0QNuMKtp8="
        },
        "xtend": {
            "version": "2.1.2",
            "resolved": "https://registry.npmjs.org/xtend/-/xtend-2.1.2.tgz",
            "integrity": "sha1-bv7MKk2tjmlixJAbM3znuoe10os=",
            "requires": {
                "object-keys": "~0.4.0"
            }
        },
        "yn": {
            "version": "3.1.1",
            "resolved": "https://registry.npmjs.org/yn/-/yn-3.1.1.tgz",
            "integrity": "sha512-Ux4ygGWsu2c7isFWe8Yu1YluJmqVhxqK2cLXNQA5AcC3QfbGNpM7fu0Y8b/z16pXLnFxZYvWhd3fhBY9DLmC6Q=="
        }
    }
}
