{
	"name": "@nest-toolbox/bunyan-logger",
	"version": "1.4.17",
	"lockfileVersion": 1,
	"requires": true,
	"dependencies": {
		"@cspotcode/source-map-consumer": {
			"version": "0.8.0",
			"resolved": "https://registry.npmjs.org/@cspotcode/source-map-consumer/-/source-map-consumer-0.8.0.tgz",
			"integrity": "sha512-41qniHzTU8yAGbCp04ohlmSrZf8bkf/iJsl3V0dRGsQN/5GFfx+LbCSsCpp2gqrqjTVg/K6O8ycoV35JIwAzAg=="
		},
		"@cspotcode/source-map-support": {
			"version": "0.7.0",
			"resolved": "https://registry.npmjs.org/@cspotcode/source-map-support/-/source-map-support-0.7.0.tgz",
			"integrity": "sha512-X4xqRHqN8ACt2aHVe51OxeA2HjbcL4MqFqXkrmQszJ1NOUuUu5u6Vqx/0lZSVNku7velL5FC/s5uEAj1lsBMhA==",
			"requires": {
				"@cspotcode/source-map-consumer": "0.8.0"
			}
		},
		"@nestjs/common": {
			"version": "7.6.15",
			"resolved": "https://registry.npmjs.org/@nestjs/common/-/common-7.6.15.tgz",
			"integrity": "sha512-H/3Nk7M02Fc4YN9St05i34gZKVuzE54gd5eXAX6WwisqU5fQ00kss1pYGbltjb2QGu3A/fpO1MdYEwOA18Z/VQ==",
			"requires": {
				"axios": "0.21.1",
				"iterare": "1.2.1",
				"tslib": "2.1.0",
				"uuid": "8.3.2"
			}
		},
		"@tsconfig/node10": {
			"version": "1.0.8",
			"resolved": "https://registry.npmjs.org/@tsconfig/node10/-/node10-1.0.8.tgz",
			"integrity": "sha512-6XFfSQmMgq0CFLY1MslA/CPUfhIL919M1rMsa5lP2P097N2Wd1sSX0tx1u4olM16fLNhtHZpRhedZJphNJqmZg=="
		},
		"@tsconfig/node12": {
			"version": "1.0.9",
			"resolved": "https://registry.npmjs.org/@tsconfig/node12/-/node12-1.0.9.tgz",
			"integrity": "sha512-/yBMcem+fbvhSREH+s14YJi18sp7J9jpuhYByADT2rypfajMZZN4WQ6zBGgBKp53NKmqI36wFYDb3yaMPurITw=="
		},
		"@tsconfig/node14": {
			"version": "1.0.1",
			"resolved": "https://registry.npmjs.org/@tsconfig/node14/-/node14-1.0.1.tgz",
			"integrity": "sha512-509r2+yARFfHHE7T6Puu2jjkoycftovhXRqW328PDXTVGKihlb1P8Z9mMZH04ebyajfRY7dedfGynlrFHJUQCg=="
		},
		"@tsconfig/node16": {
			"version": "1.0.2",
			"resolved": "https://registry.npmjs.org/@tsconfig/node16/-/node16-1.0.2.tgz",
			"integrity": "sha512-eZxlbI8GZscaGS7kkc/trHTT5xgrjH3/1n2JDwusC9iahPKWMRvRjJSAN5mCXviuTGQ/lHnhvv8Q1YTpnfz9gA=="
		},
		"@types/bunyan": {
			"version": "1.8.8",
			"resolved": "https://registry.npmjs.org/@types/bunyan/-/bunyan-1.8.8.tgz",
			"integrity": "sha512-Cblq+Yydg3u+sGiz2mjHjC5MPmdjY+No4qvHrF+BUhblsmSfMvsHLbOG62tPbonsqBj6sbWv1LHcsoe5Jw+/Ow==",
			"requires": {
				"@types/node": "*"
			},
			"dependencies": {
				"@types/node": {
					"version": "17.0.17",
					"resolved": "https://registry.npmjs.org/@types/node/-/node-17.0.17.tgz",
					"integrity": "sha512-e8PUNQy1HgJGV3iU/Bp2+D/DXh3PYeyli8LgIwsQcs1Ar1LoaWHSIT6Rw+H2rNJmiq6SNWiDytfx8+gYj7wDHw=="
				}
			}
		},
		"@types/node": {
			"version": "17.0.38",
			"resolved": "https://registry.npmjs.org/@types/node/-/node-17.0.38.tgz",
			"integrity": "sha512-5jY9RhV7c0Z4Jy09G+NIDTsCZ5G0L5n+Z+p+Y7t5VJHM30bgwzSjVtlcBxqAj+6L/swIlvtOSzr8rBk/aNyV2g==",
			"dev": true
		},
		"acorn": {
			"version": "8.7.0",
			"resolved": "https://registry.npmjs.org/acorn/-/acorn-8.7.0.tgz",
			"integrity": "sha512-V/LGr1APy+PXIwKebEWrkZPwoeoF+w1jiOBUmuxuiUIaOHtob8Qc9BTrYo7VuI5fR8tqsy+buA2WFooR5olqvQ=="
		},
		"acorn-walk": {
			"version": "8.2.0",
			"resolved": "https://registry.npmjs.org/acorn-walk/-/acorn-walk-8.2.0.tgz",
			"integrity": "sha512-k+iyHEuPgSw6SbuDpGQM+06HQUa04DZ3o+F6CSzXMvvI5KMvnaEqXe+YVe555R9nn6GPt404fos4wcgpw12SDA=="
		},
		"ansicolors": {
			"version": "0.2.1",
			"resolved": "https://registry.npmjs.org/ansicolors/-/ansicolors-0.2.1.tgz",
			"integrity": "sha1-vgiVmQl7dKXJxKhKDNvNtivYeu8="
		},
		"ansistyles": {
			"version": "0.1.3",
			"resolved": "https://registry.npmjs.org/ansistyles/-/ansistyles-0.1.3.tgz",
			"integrity": "sha1-XeYEFb2gcbs3EnhUyGT0GyMlRTk="
		},
		"arg": {
			"version": "4.1.3",
			"resolved": "https://registry.npmjs.org/arg/-/arg-4.1.3.tgz",
			"integrity": "sha512-58S9QDqG0Xx27YwPSt9fJxivjYl432YCwfDMfZ+71RAqUrZef7LrKQZ3LHLOwCS4FLNBplP533Zx895SeOCHvA=="
		},
		"axios": {
			"version": "0.21.1",
			"resolved": "https://registry.npmjs.org/axios/-/axios-0.21.1.tgz",
			"integrity": "sha512-dKQiRHxGD9PPRIUNIWvZhPTPpl1rf/OxTYKsqKUDjBwYylTvV7SjSHJb9ratfyzM6wCdLCOYLzs73qpg5c4iGA==",
			"requires": {
				"follow-redirects": "^1.10.0"
			}
		},
		"balanced-match": {
			"version": "1.0.2",
			"resolved": "https://registry.npmjs.org/balanced-match/-/balanced-match-1.0.2.tgz",
			"integrity": "sha512-3oSeUO0TMV67hN1AmbXsK4yaqU7tjiHlbxRDZOpH0KW9+CeX4bRAaX0Anxt0tx2MrpRpWwQaPwIlISEJhYU5Pw=="
		},
		"brace-expansion": {
			"version": "1.1.11",
			"resolved": "https://registry.npmjs.org/brace-expansion/-/brace-expansion-1.1.11.tgz",
			"integrity": "sha512-iCuPHDFgrHX7H2vEI/5xpz07zSHB00TpugqhmYtVmMO6518mCuRMoOYFldEBl0g187ufozdaHgWKcYFb61qGiA==",
			"requires": {
				"balanced-match": "^1.0.0",
				"concat-map": "0.0.1"
			}
		},
		"bunyan": {
			"version": "1.8.15",
			"resolved": "https://registry.npmjs.org/bunyan/-/bunyan-1.8.15.tgz",
			"integrity": "sha512-0tECWShh6wUysgucJcBAoYegf3JJoZWibxdqhTm7OHPeT42qdjkZ29QCMcKwbgU1kiH+auSIasNRXMLWXafXig==",
			"requires": {
				"dtrace-provider": "~0.8",
				"moment": "^2.19.3",
				"mv": "~2",
				"safe-json-stringify": "~1"
			}
		},
		"bunyan-format": {
			"version": "0.2.1",
			"resolved": "https://registry.npmjs.org/bunyan-format/-/bunyan-format-0.2.1.tgz",
			"integrity": "sha1-pLOw2ABwqGUnlBcmnj8A/wL7y0c=",
			"requires": {
				"ansicolors": "~0.2.1",
				"ansistyles": "~0.1.1",
				"xtend": "~2.1.1"
			}
		},
		"colors": {
			"version": "1.4.0",
			"resolved": "https://registry.npmjs.org/colors/-/colors-1.4.0.tgz",
			"integrity": "sha512-a+UqTh4kgZg/SlGvfbzDHpgRu7AAQOmmqRHJnxhRZICKFUT91brVhNNt58CMWU9PsBbv3PDCZUHbVxuDiH2mtA=="
		},
		"concat-map": {
			"version": "0.0.1",
			"resolved": "https://registry.npmjs.org/concat-map/-/concat-map-0.0.1.tgz",
			"integrity": "sha1-2Klr13/Wjfd5OnMDajug1UBdR3s="
		},
		"create-require": {
			"version": "1.1.1",
			"resolved": "https://registry.npmjs.org/create-require/-/create-require-1.1.1.tgz",
			"integrity": "sha512-dcKFX3jn0MpIaXjisoRvexIJVEKzaq7z2rZKxf+MSr9TkdmHmsU4m2lcLojrj/FHl8mk5VxMmYA+ftRkP/3oKQ=="
		},
		"diff": {
			"version": "4.0.2",
			"resolved": "https://registry.npmjs.org/diff/-/diff-4.0.2.tgz",
			"integrity": "sha512-58lmxKSA4BNyLz+HHMUzlOEpg09FV+ev6ZMe3vJihgdxzgcwZ8VoEEPmALCZG9LmqfVoNMMKpttIYTVG6uDY7A=="
		},
		"dtrace-provider": {
			"version": "0.8.8",
			"resolved": "https://registry.npmjs.org/dtrace-provider/-/dtrace-provider-0.8.8.tgz",
			"integrity": "sha512-b7Z7cNtHPhH9EJhNNbbeqTcXB8LGFFZhq1PGgEvpeHlzd36bhbdTWoE/Ba/YguqpBSlAPKnARWhVlhunCMwfxg==",
			"optional": true,
			"requires": {
				"nan": "^2.14.0"
			}
		},
		"follow-redirects": {
			"version": "1.14.8",
			"resolved": "https://registry.npmjs.org/follow-redirects/-/follow-redirects-1.14.8.tgz",
			"integrity": "sha512-1x0S9UVJHsQprFcEC/qnNzBLcIxsjAV905f/UkQxbclCsoTWlacCNOpQa/anodLl2uaEKFhfWOvM2Qg77+15zA=="
		},
		"fs.realpath": {
			"version": "1.0.0",
			"resolved": "https://registry.npmjs.org/fs.realpath/-/fs.realpath-1.0.0.tgz",
			"integrity": "sha1-FQStJSMVjKpA20onh8sBQRmU6k8=",
			"dev": true
		},
		"glob": {
			"version": "6.0.4",
			"resolved": "https://registry.npmjs.org/glob/-/glob-6.0.4.tgz",
			"integrity": "sha1-DwiGD2oVUSey+t1PnOJLGqtuTSI=",
			"optional": true,
			"requires": {
				"inflight": "^1.0.4",
				"inherits": "2",
				"minimatch": "2 || 3",
				"once": "^1.3.0",
				"path-is-absolute": "^1.0.0"
			}
		},
		"inflight": {
			"version": "1.0.6",
			"resolved": "https://registry.npmjs.org/inflight/-/inflight-1.0.6.tgz",
			"integrity": "sha1-Sb1jMdfQLQwJvJEKEHW6gWW1bfk=",
			"requires": {
				"once": "^1.3.0",
				"wrappy": "1"
			}
		},
		"inherits": {
			"version": "2.0.4",
			"resolved": "https://registry.npmjs.org/inherits/-/inherits-2.0.4.tgz",
			"integrity": "sha512-k/vGaX4/Yla3WzyMCvTQOXYeIHvqOKtnqBduzTHpzpQZzAskKMhZ2K+EnBiSM9zGSoIFeMpXKxa4dYeZIQqewQ=="
		},
		"iterare": {
			"version": "1.2.1",
			"resolved": "https://registry.npmjs.org/iterare/-/iterare-1.2.1.tgz",
			"integrity": "sha512-RKYVTCjAnRthyJes037NX/IiqeidgN1xc3j1RjFfECFp28A1GVwK9nA+i0rJPaHqSZwygLzRnFlzUuHFoWWy+Q=="
		},
		"make-error": {
			"version": "1.3.6",
			"resolved": "https://registry.npmjs.org/make-error/-/make-error-1.3.6.tgz",
			"integrity": "sha512-s8UhlNe7vPKomQhC1qFelMokr/Sc3AgNbso3n74mVPA5LTZwkB9NlXf4XPamLxJE8h0gh73rM94xvwRT2CVInw=="
		},
		"minimatch": {
			"version": "3.1.1",
			"resolved": "https://registry.npmjs.org/minimatch/-/minimatch-3.1.1.tgz",
			"integrity": "sha512-reLxBcKUPNBnc/sVtAbxgRVFSegoGeLaSjmphNhcwcolhYLRgtJscn5mRl6YRZNQv40Y7P6JM2YhSIsbL9OB5A==",
			"requires": {
				"brace-expansion": "^1.1.7"
			}
		},
		"minimist": {
			"version": "1.2.6",
			"resolved": "https://registry.npmjs.org/minimist/-/minimist-1.2.6.tgz",
			"integrity": "sha512-Jsjnk4bw3YJqYzbdyBiNsPWHPfO++UGG749Cxs6peCu5Xg4nrena6OVxOYxrQTqww0Jmwt+Ref8rggumkTLz9Q==",
			"optional": true
		},
		"mkdirp": {
			"version": "0.5.5",
			"resolved": "https://registry.npmjs.org/mkdirp/-/mkdirp-0.5.5.tgz",
			"integrity": "sha512-NKmAlESf6jMGym1++R0Ra7wvhV+wFW63FaSOFPwRahvea0gMUcGUhVeAg/0BC0wiv9ih5NYPB1Wn1UEI1/L+xQ==",
			"optional": true,
			"requires": {
				"minimist": "^1.2.5"
			}
		},
		"moment": {
			"version": "2.29.2",
			"resolved": "https://registry.npmjs.org/moment/-/moment-2.29.2.tgz",
			"integrity": "sha512-UgzG4rvxYpN15jgCmVJwac49h9ly9NurikMWGPdVxm8GZD6XjkKPxDTjQQ43gtGgnV3X0cAyWDdP2Wexoquifg=="
		},
		"mv": {
			"version": "2.1.1",
			"resolved": "https://registry.npmjs.org/mv/-/mv-2.1.1.tgz",
			"integrity": "sha1-rmzg1vbV4KT32JN5jQPB6pVZtqI=",
			"optional": true,
			"requires": {
				"mkdirp": "~0.5.1",
				"ncp": "~2.0.0",
				"rimraf": "~2.4.0"
			},
			"dependencies": {
				"rimraf": {
					"version": "2.4.5",
					"resolved": "https://registry.npmjs.org/rimraf/-/rimraf-2.4.5.tgz",
					"integrity": "sha1-7nEM5dk6j9uFb7Xqj/Di11k0sto=",
					"optional": true,
					"requires": {
						"glob": "^6.0.1"
					}
				}
			}
		},
		"nan": {
			"version": "2.15.0",
			"resolved": "https://registry.npmjs.org/nan/-/nan-2.15.0.tgz",
			"integrity": "sha512-8ZtvEnA2c5aYCZYd1cvgdnU6cqwixRoYg70xPLWUws5ORTa/lnw+u4amixRS/Ac5U5mQVgp9pnlSUnbNWFaWZQ==",
			"optional": true
		},
		"ncp": {
			"version": "2.0.0",
			"resolved": "https://registry.npmjs.org/ncp/-/ncp-2.0.0.tgz",
			"integrity": "sha1-GVoh1sRuNh0vsSgbo4uR6d9727M=",
			"optional": true
		},
		"object-keys": {
			"version": "0.4.0",
			"resolved": "https://registry.npmjs.org/object-keys/-/object-keys-0.4.0.tgz",
			"integrity": "sha1-KKaq50KN0sOpLz2V8hM13SBOAzY="
		},
		"once": {
			"version": "1.4.0",
			"resolved": "https://registry.npmjs.org/once/-/once-1.4.0.tgz",
			"integrity": "sha1-WDsap3WWHUsROsF9nFC6753Xa9E=",
			"requires": {
				"wrappy": "1"
			}
		},
		"path-is-absolute": {
			"version": "1.0.1",
			"resolved": "https://registry.npmjs.org/path-is-absolute/-/path-is-absolute-1.0.1.tgz",
			"integrity": "sha1-F0uSaHNVNP+8es5r9TpanhtcX18="
		},
		"rimraf": {
			"version": "3.0.2",
			"resolved": "https://registry.npmjs.org/rimraf/-/rimraf-3.0.2.tgz",
			"integrity": "sha512-JZkJMZkAGFFPP2YqXZXPbMlMBgsxzE8ILs4lMIX/2o0L9UBw9O/Y3o6wFw/i9YLapcUJWwqbi3kdxIPdC62TIA==",
			"dev": true,
			"requires": {
				"glob": "^7.1.3"
			},
			"dependencies": {
				"glob": {
					"version": "7.2.0",
					"resolved": "https://registry.npmjs.org/glob/-/glob-7.2.0.tgz",
					"integrity": "sha512-lmLf6gtyrPq8tTjSmrO94wBeQbFR3HbLHbuyD69wuyQkImp2hWqMGB47OX65FBkPffO641IP9jWa1z4ivqG26Q==",
					"dev": true,
					"requires": {
						"fs.realpath": "^1.0.0",
						"inflight": "^1.0.4",
						"inherits": "2",
						"minimatch": "^3.0.4",
						"once": "^1.3.0",
						"path-is-absolute": "^1.0.0"
					}
				}
			}
		},
		"safe-json-stringify": {
			"version": "1.2.0",
			"resolved": "https://registry.npmjs.org/safe-json-stringify/-/safe-json-stringify-1.2.0.tgz",
			"integrity": "sha512-gH8eh2nZudPQO6TytOvbxnuhYBOvDBBLW52tz5q6X58lJcd/tkmqFR+5Z9adS8aJtURSXWThWy/xJtJwixErvg==",
			"optional": true
		},
		"ts-node": {
			"version": "10.7.0",
			"resolved": "https://registry.npmjs.org/ts-node/-/ts-node-10.7.0.tgz",
			"integrity": "sha512-TbIGS4xgJoX2i3do417KSaep1uRAW/Lu+WAL2doDHC0D6ummjirVOXU5/7aiZotbQ5p1Zp9tP7U6cYhA0O7M8A==",
			"requires": {
				"@cspotcode/source-map-support": "0.7.0",
				"@tsconfig/node10": "^1.0.7",
				"@tsconfig/node12": "^1.0.7",
				"@tsconfig/node14": "^1.0.0",
				"@tsconfig/node16": "^1.0.2",
				"acorn": "^8.4.1",
				"acorn-walk": "^8.1.1",
				"arg": "^4.1.0",
				"create-require": "^1.1.0",
				"diff": "^4.0.1",
				"make-error": "^1.1.1",
				"v8-compile-cache-lib": "^3.0.0",
				"yn": "3.1.1"
			}
		},
		"tslib": {
			"version": "2.1.0",
			"resolved": "https://registry.npmjs.org/tslib/-/tslib-2.1.0.tgz",
			"integrity": "sha512-hcVC3wYEziELGGmEEXue7D75zbwIIVUMWAVbHItGPx0ziyXxrOMQx4rQEVEV45Ut/1IotuEvwqPopzIOkDMf0A=="
		},
		"typescript": {
			"version": "4.7.3",
			"resolved": "https://registry.npmjs.org/typescript/-/typescript-4.7.3.tgz",
			"integrity": "sha512-WOkT3XYvrpXx4vMMqlD+8R8R37fZkjyLGlxavMc4iB8lrl8L0DeTcHbYgw/v0N/z9wAFsgBhcsF0ruoySS22mA==",
			"dev": true
		},
		"uuid": {
			"version": "8.3.2",
			"resolved": "https://registry.npmjs.org/uuid/-/uuid-8.3.2.tgz",
			"integrity": "sha512-+NYs2QeMWy+GWFOEm9xnn6HCDp0l7QBD7ml8zLUmJ+93Q5NF0NocErnwkTkXVFNiX3/fpC6afS8Dhb/gz7R7eg=="
		},
		"v8-compile-cache-lib": {
			"version": "3.0.0",
			"resolved": "https://registry.npmjs.org/v8-compile-cache-lib/-/v8-compile-cache-lib-3.0.0.tgz",
			"integrity": "sha512-mpSYqfsFvASnSn5qMiwrr4VKfumbPyONLCOPmsR3A6pTY/r0+tSaVbgPWSAIuzbk3lCTa+FForeTiO+wBQGkjA=="
		},
		"wrappy": {
			"version": "1.0.2",
			"resolved": "https://registry.npmjs.org/wrappy/-/wrappy-1.0.2.tgz",
			"integrity": "sha1-tSQ9jz7BqjXxNkYFvA0QNuMKtp8="
		},
		"xtend": {
			"version": "2.1.2",
			"resolved": "https://registry.npmjs.org/xtend/-/xtend-2.1.2.tgz",
			"integrity": "sha1-bv7MKk2tjmlixJAbM3znuoe10os=",
			"requires": {
				"object-keys": "~0.4.0"
			}
		},
		"yn": {
			"version": "3.1.1",
			"resolved": "https://registry.npmjs.org/yn/-/yn-3.1.1.tgz",
			"integrity": "sha512-Ux4ygGWsu2c7isFWe8Yu1YluJmqVhxqK2cLXNQA5AcC3QfbGNpM7fu0Y8b/z16pXLnFxZYvWhd3fhBY9DLmC6Q=="
		}
	}
}
